
Microsoft Visual Studio Solution File, Format Version 12.00
# Visual Studio 15
VisualStudioVersion = 15.0.27703.2042
MinimumVisualStudioVersion = 10.0.40219.1
Project("{2150E333-8FDC-42A3-9474-1A3956D46DE8}") = "Domain", "Domain", "{AF3200E3-0BA8-4F80-952B-773782DDD1A7}"
EndProject
Project("{2150E333-8FDC-42A3-9474-1A3956D46DE8}") = "Infrastructure", "Infrastructure", "{25854869-8830-4C70-AE0D-BEDC02A9EBBF}"
EndProject
Project("{2150E333-8FDC-42A3-9474-1A3956D46DE8}") = "Service Interfaces", "Service Interfaces", "{87F15B77-CD83-4E6B-873D-4AFE62DC64B4}"
EndProject
Project("{2150E333-8FDC-42A3-9474-1A3956D46DE8}") = "Services", "Services", "{238DD29A-246B-439B-932B-B6FD727A3E61}"
EndProject
Project("{2150E333-8FDC-42A3-9474-1A3956D46DE8}") = "User Interface", "User Interface", "{30FCFA30-0BAC-4AB5-8104-E699C3399E5C}"
EndProject
Project("{9A19103F-16F7-4668-BE54-9A1E7A4F7556}") = "Ajkerdeal", "Ajkerdeal\Ajkerdeal.csproj", "{04E72BFA-9F4B-499C-A492-48B3C5925D3B}"
EndProject
Project("{2150E333-8FDC-42A3-9474-1A3956D46DE8}") = "AdCourier", "AdCourier", "{8994B5DC-384F-4168-93EE-D41CC5C81242}"
EndProject
Project("{2150E333-8FDC-42A3-9474-1A3956D46DE8}") = "AdCourier", "AdCourier", "{04572CF5-CDF0-452B-B814-6988009FDA32}"
EndProject
Project("{2150E333-8FDC-42A3-9474-1A3956D46DE8}") = "AdCourier", "AdCourier", "{0B121A9C-AC04-4ADE-82AB-D5C6515F6213}"
EndProject
Project("{2150E333-8FDC-42A3-9474-1A3956D46DE8}") = "AdCourier", "AdCourier", "{D6560E9F-B2A3-4294-9823-6D2CD16FAAC9}"
EndProject
Project("{9A19103F-16F7-4668-BE54-9A1E7A4F7556}") = "AdCourier.Domain.Entities", "AdCourier.Domain.Entities\AdCourier.Domain.Entities.csproj", "{CE5CE148-D264-4725-86C6-922817C3ABB6}"
EndProject
Project("{9A19103F-16F7-4668-BE54-9A1E7A4F7556}") = "AdCourier.Domain.Interfaces", "AdCourier.Domain.Interfaces\AdCourier.Domain.Interfaces.csproj", "{55B905F3-2007-4A92-B63D-0538EB1B95F2}"
EndProject
Project("{9A19103F-16F7-4668-BE54-9A1E7A4F7556}") = "AdCourier.Infrastructure.Data", "AdCourier.Infrastructure.Data\AdCourier.Infrastructure.Data.csproj", "{3C701B35-1F9F-4026-ABA6-C3E348650658}"
EndProject
Project("{9A19103F-16F7-4668-BE54-9A1E7A4F7556}") = "AdCourier.Services.Interfaces", "AdCourier.Services.Interfaces\AdCourier.Services.Interfaces.csproj", "{A958314D-5AF9-4FCA-829B-0E98067C05E8}"
EndProject
Project("{9A19103F-16F7-4668-BE54-9A1E7A4F7556}") = "AdCourier.Services", "AdCourier.Services\AdCourier.Services.csproj", "{A03BC440-45F5-4F5F-B747-262F7BC9DBC4}"
EndProject
Project("{9A19103F-16F7-4668-BE54-9A1E7A4F7556}") = "AdCourier.Context", "AdCourier.Context\AdCourier.Context.csproj", "{168F190A-D838-43F2-A12D-F3F21AB43FB4}"
EndProject
Project("{2150E333-8FDC-42A3-9474-1A3956D46DE8}") = "Crm", "Crm", "{F389EA7F-C4E0-453E-B3A8-7A0DA7D34B5A}"
EndProject
Project("{9A19103F-16F7-4668-BE54-9A1E7A4F7556}") = "Crm.Services", "Crm.Services\Crm.Services.csproj", "{816B66D9-C006-410D-8400-00FD1AD99B1A}"
EndProject
Project("{2150E333-8FDC-42A3-9474-1A3956D46DE8}") = "Crm", "Crm", "{A133A833-DF12-44D8-9AAA-0B09B36735AF}"
EndProject
Project("{9A19103F-16F7-4668-BE54-9A1E7A4F7556}") = "Crm.Services.Interfaces", "Crm.Services.Interfaces\Crm.Services.Interfaces.csproj", "{F8B8ADA9-0FD3-4AA1-9718-92E67CFFFD17}"
EndProject
Project("{2150E333-8FDC-42A3-9474-1A3956D46DE8}") = "Crm", "Crm", "{4529DDB1-319F-4234-94A3-7DD9075B91B7}"
EndProject
Project("{9A19103F-16F7-4668-BE54-9A1E7A4F7556}") = "Cm.Infrastructure.Data", "Cm.Infrastructure.Data\Cm.Infrastructure.Data.csproj", "{88FAD942-0673-4DD4-8121-2D957D7C8A5B}"
EndProject
Project("{2150E333-8FDC-42A3-9474-1A3956D46DE8}") = "Crm", "Crm", "{5FA5D777-428F-4231-AF39-4DFBDD20CEDC}"
EndProject
Project("{9A19103F-16F7-4668-BE54-9A1E7A4F7556}") = "Crm.Domain.Interfaces", "Crm.Domain.Interfaces\Crm.Domain.Interfaces.csproj", "{80C1F41D-2328-4326-AD01-FB8F2DEBB5DA}"
EndProject
Project("{9A19103F-16F7-4668-BE54-9A1E7A4F7556}") = "Crm.Domain.Entities", "Crm.Domain.Entities\Crm.Domain.Entities.csproj", "{2B64878D-4924-46BB-A882-9812F049D7DF}"
EndProject
Project("{2150E333-8FDC-42A3-9474-1A3956D46DE8}") = "Retention", "Retention", "{809635C8-B143-4D22-9E09-94AA10A7D5DF}"
EndProject
Project("{FAE04EC0-301F-11D3-BF4B-00C04F79EFBC}") = "Retention.Domain.Entities", "Retention.Domain.Entities\Retention.Domain.Entities.csproj", "{7AE3C636-A1FB-48A6-8039-28C832D12FC1}"
EndProject
Project("{FAE04EC0-301F-11D3-BF4B-00C04F79EFBC}") = "Retention.Domain.Interfaces", "Retention.Domain.Interfaces\Retention.Domain.Interfaces.csproj", "{20E8D23F-FD56-4D3A-A711-C18750DC00B4}"
EndProject
Project("{2150E333-8FDC-42A3-9474-1A3956D46DE8}") = "Retention", "Retention", "{4D5D6EEE-3FAF-459C-9597-42ED5406D3E4}"
EndProject
Project("{2150E333-8FDC-42A3-9474-1A3956D46DE8}") = "Retention", "Retention", "{14B1CCEA-A1BD-43C6-BD78-C5D14E209BCB}"
EndProject
Project("{2150E333-8FDC-42A3-9474-1A3956D46DE8}") = "Retention", "Retention", "{DC68C3D8-AB97-4AB3-9B18-7BEF6942247F}"
EndProject
Project("{FAE04EC0-301F-11D3-BF4B-00C04F79EFBC}") = "Retention.Infrastructure.Data", "Retention.Infrastructure.Data\Retention.Infrastructure.Data.csproj", "{FAAA0FE9-8925-4866-8558-9D68D0CA752D}"
EndProject
Project("{FAE04EC0-301F-11D3-BF4B-00C04F79EFBC}") = "Retention.Services.Interfaces", "Retention.Services.Interfaces\Retention.Services.Interfaces.csproj", "{65318FD8-219B-421A-8CE1-52D0F5FF208E}"
EndProject
Project("{FAE04EC0-301F-11D3-BF4B-00C04F79EFBC}") = "Retention.Services", "Retention.Services\Retention.Services.csproj", "{FEA605A4-AC27-44A5-A854-B7C82FFF9927}"
EndProject
Global
	GlobalSection(SolutionConfigurationPlatforms) = preSolution
		Debug|Any CPU = Debug|Any CPU
		Release|Any CPU = Release|Any CPU
	EndGlobalSection
	GlobalSection(ProjectConfigurationPlatforms) = postSolution
		{04E72BFA-9F4B-499C-A492-48B3C5925D3B}.Debug|Any CPU.ActiveCfg = Debug|Any CPU
		{04E72BFA-9F4B-499C-A492-48B3C5925D3B}.Debug|Any CPU.Build.0 = Debug|Any CPU
		{04E72BFA-9F4B-499C-A492-48B3C5925D3B}.Release|Any CPU.ActiveCfg = Release|Any CPU
		{04E72BFA-9F4B-499C-A492-48B3C5925D3B}.Release|Any CPU.Build.0 = Release|Any CPU
		{CE5CE148-D264-4725-86C6-922817C3ABB6}.Debug|Any CPU.ActiveCfg = Debug|Any CPU
		{CE5CE148-D264-4725-86C6-922817C3ABB6}.Debug|Any CPU.Build.0 = Debug|Any CPU
		{CE5CE148-D264-4725-86C6-922817C3ABB6}.Release|Any CPU.ActiveCfg = Release|Any CPU
		{CE5CE148-D264-4725-86C6-922817C3ABB6}.Release|Any CPU.Build.0 = Release|Any CPU
		{55B905F3-2007-4A92-B63D-0538EB1B95F2}.Debug|Any CPU.ActiveCfg = Debug|Any CPU
		{55B905F3-2007-4A92-B63D-0538EB1B95F2}.Debug|Any CPU.Build.0 = Debug|Any CPU
		{55B905F3-2007-4A92-B63D-0538EB1B95F2}.Release|Any CPU.ActiveCfg = Release|Any CPU
		{55B905F3-2007-4A92-B63D-0538EB1B95F2}.Release|Any CPU.Build.0 = Release|Any CPU
		{3C701B35-1F9F-4026-ABA6-C3E348650658}.Debug|Any CPU.ActiveCfg = Debug|Any CPU
		{3C701B35-1F9F-4026-ABA6-C3E348650658}.Debug|Any CPU.Build.0 = Debug|Any CPU
		{3C701B35-1F9F-4026-ABA6-C3E348650658}.Release|Any CPU.ActiveCfg = Release|Any CPU
		{3C701B35-1F9F-4026-ABA6-C3E348650658}.Release|Any CPU.Build.0 = Release|Any CPU
		{A958314D-5AF9-4FCA-829B-0E98067C05E8}.Debug|Any CPU.ActiveCfg = Debug|Any CPU
		{A958314D-5AF9-4FCA-829B-0E98067C05E8}.Debug|Any CPU.Build.0 = Debug|Any CPU
		{A958314D-5AF9-4FCA-829B-0E98067C05E8}.Release|Any CPU.ActiveCfg = Release|Any CPU
		{A958314D-5AF9-4FCA-829B-0E98067C05E8}.Release|Any CPU.Build.0 = Release|Any CPU
		{A03BC440-45F5-4F5F-B747-262F7BC9DBC4}.Debug|Any CPU.ActiveCfg = Debug|Any CPU
		{A03BC440-45F5-4F5F-B747-262F7BC9DBC4}.Debug|Any CPU.Build.0 = Debug|Any CPU
		{A03BC440-45F5-4F5F-B747-262F7BC9DBC4}.Release|Any CPU.ActiveCfg = Release|Any CPU
		{A03BC440-45F5-4F5F-B747-262F7BC9DBC4}.Release|Any CPU.Build.0 = Release|Any CPU
		{168F190A-D838-43F2-A12D-F3F21AB43FB4}.Debug|Any CPU.ActiveCfg = Debug|Any CPU
		{168F190A-D838-43F2-A12D-F3F21AB43FB4}.Debug|Any CPU.Build.0 = Debug|Any CPU
		{168F190A-D838-43F2-A12D-F3F21AB43FB4}.Release|Any CPU.ActiveCfg = Release|Any CPU
		{168F190A-D838-43F2-A12D-F3F21AB43FB4}.Release|Any CPU.Build.0 = Release|Any CPU
		{816B66D9-C006-410D-8400-00FD1AD99B1A}.Debug|Any CPU.ActiveCfg = Debug|Any CPU
		{816B66D9-C006-410D-8400-00FD1AD99B1A}.Debug|Any CPU.Build.0 = Debug|Any CPU
		{816B66D9-C006-410D-8400-00FD1AD99B1A}.Release|Any CPU.ActiveCfg = Release|Any CPU
		{816B66D9-C006-410D-8400-00FD1AD99B1A}.Release|Any CPU.Build.0 = Release|Any CPU
		{F8B8ADA9-0FD3-4AA1-9718-92E67CFFFD17}.Debug|Any CPU.ActiveCfg = Debug|Any CPU
		{F8B8ADA9-0FD3-4AA1-9718-92E67CFFFD17}.Debug|Any CPU.Build.0 = Debug|Any CPU
		{F8B8ADA9-0FD3-4AA1-9718-92E67CFFFD17}.Release|Any CPU.ActiveCfg = Release|Any CPU
		{F8B8ADA9-0FD3-4AA1-9718-92E67CFFFD17}.Release|Any CPU.Build.0 = Release|Any CPU
		{88FAD942-0673-4DD4-8121-2D957D7C8A5B}.Debug|Any CPU.ActiveCfg = Debug|Any CPU
		{88FAD942-0673-4DD4-8121-2D957D7C8A5B}.Debug|Any CPU.Build.0 = Debug|Any CPU
		{88FAD942-0673-4DD4-8121-2D957D7C8A5B}.Release|Any CPU.ActiveCfg = Release|Any CPU
		{88FAD942-0673-4DD4-8121-2D957D7C8A5B}.Release|Any CPU.Build.0 = Release|Any CPU
		{80C1F41D-2328-4326-AD01-FB8F2DEBB5DA}.Debug|Any CPU.ActiveCfg = Debug|Any CPU
		{80C1F41D-2328-4326-AD01-FB8F2DEBB5DA}.Debug|Any CPU.Build.0 = Debug|Any CPU
		{80C1F41D-2328-4326-AD01-FB8F2DEBB5DA}.Release|Any CPU.ActiveCfg = Release|Any CPU
		{80C1F41D-2328-4326-AD01-FB8F2DEBB5DA}.Release|Any CPU.Build.0 = Release|Any CPU
		{2B64878D-4924-46BB-A882-9812F049D7DF}.Debug|Any CPU.ActiveCfg = Debug|Any CPU
		{2B64878D-4924-46BB-A882-9812F049D7DF}.Debug|Any CPU.Build.0 = Debug|Any CPU
		{2B64878D-4924-46BB-A882-9812F049D7DF}.Release|Any CPU.ActiveCfg = Release|Any CPU
		{2B64878D-4924-46BB-A882-9812F049D7DF}.Release|Any CPU.Build.0 = Release|Any CPU
		{7AE3C636-A1FB-48A6-8039-28C832D12FC1}.Debug|Any CPU.ActiveCfg = Debug|Any CPU
		{7AE3C636-A1FB-48A6-8039-28C832D12FC1}.Debug|Any CPU.Build.0 = Debug|Any CPU
		{7AE3C636-A1FB-48A6-8039-28C832D12FC1}.Release|Any CPU.ActiveCfg = Release|Any CPU
		{7AE3C636-A1FB-48A6-8039-28C832D12FC1}.Release|Any CPU.Build.0 = Release|Any CPU
		{20E8D23F-FD56-4D3A-A711-C18750DC00B4}.Debug|Any CPU.ActiveCfg = Debug|Any CPU
		{20E8D23F-FD56-4D3A-A711-C18750DC00B4}.Debug|Any CPU.Build.0 = Debug|Any CPU
		{20E8D23F-FD56-4D3A-A711-C18750DC00B4}.Release|Any CPU.ActiveCfg = Release|Any CPU
		{20E8D23F-FD56-4D3A-A711-C18750DC00B4}.Release|Any CPU.Build.0 = Release|Any CPU
		{FAAA0FE9-8925-4866-8558-9D68D0CA752D}.Debug|Any CPU.ActiveCfg = Debug|Any CPU
		{FAAA0FE9-8925-4866-8558-9D68D0CA752D}.Debug|Any CPU.Build.0 = Debug|Any CPU
		{FAAA0FE9-8925-4866-8558-9D68D0CA752D}.Release|Any CPU.ActiveCfg = Release|Any CPU
		{FAAA0FE9-8925-4866-8558-9D68D0CA752D}.Release|Any CPU.Build.0 = Release|Any CPU
		{65318FD8-219B-421A-8CE1-52D0F5FF208E}.Debug|Any CPU.ActiveCfg = Debug|Any CPU
		{65318FD8-219B-421A-8CE1-52D0F5FF208E}.Debug|Any CPU.Build.0 = Debug|Any CPU
		{65318FD8-219B-421A-8CE1-52D0F5FF208E}.Release|Any CPU.ActiveCfg = Release|Any CPU
		{65318FD8-219B-421A-8CE1-52D0F5FF208E}.Release|Any CPU.Build.0 = Release|Any CPU
		{FEA605A4-AC27-44A5-A854-B7C82FFF9927}.Debug|Any CPU.ActiveCfg = Debug|Any CPU
		{FEA605A4-AC27-44A5-A854-B7C82FFF9927}.Debug|Any CPU.Build.0 = Debug|Any CPU
		{FEA605A4-AC27-44A5-A854-B7C82FFF9927}.Release|Any CPU.ActiveCfg = Release|Any CPU
		{FEA605A4-AC27-44A5-A854-B7C82FFF9927}.Release|Any CPU.Build.0 = Release|Any CPU
	EndGlobalSection
	GlobalSection(SolutionProperties) = preSolution
		HideSolutionNode = FALSE
	EndGlobalSection
	GlobalSection(NestedProjects) = preSolution
		{04E72BFA-9F4B-499C-A492-48B3C5925D3B} = {30FCFA30-0BAC-4AB5-8104-E699C3399E5C}
		{8994B5DC-384F-4168-93EE-D41CC5C81242} = {AF3200E3-0BA8-4F80-952B-773782DDD1A7}
		{04572CF5-CDF0-452B-B814-6988009FDA32} = {25854869-8830-4C70-AE0D-BEDC02A9EBBF}
		{0B121A9C-AC04-4ADE-82AB-D5C6515F6213} = {87F15B77-CD83-4E6B-873D-4AFE62DC64B4}
		{D6560E9F-B2A3-4294-9823-6D2CD16FAAC9} = {238DD29A-246B-439B-932B-B6FD727A3E61}
		{CE5CE148-D264-4725-86C6-922817C3ABB6} = {8994B5DC-384F-4168-93EE-D41CC5C81242}
		{55B905F3-2007-4A92-B63D-0538EB1B95F2} = {8994B5DC-384F-4168-93EE-D41CC5C81242}
		{3C701B35-1F9F-4026-ABA6-C3E348650658} = {04572CF5-CDF0-452B-B814-6988009FDA32}
		{A958314D-5AF9-4FCA-829B-0E98067C05E8} = {0B121A9C-AC04-4ADE-82AB-D5C6515F6213}
		{A03BC440-45F5-4F5F-B747-262F7BC9DBC4} = {D6560E9F-B2A3-4294-9823-6D2CD16FAAC9}
		{168F190A-D838-43F2-A12D-F3F21AB43FB4} = {25854869-8830-4C70-AE0D-BEDC02A9EBBF}
		{F389EA7F-C4E0-453E-B3A8-7A0DA7D34B5A} = {238DD29A-246B-439B-932B-B6FD727A3E61}
		{816B66D9-C006-410D-8400-00FD1AD99B1A} = {F389EA7F-C4E0-453E-B3A8-7A0DA7D34B5A}
		{A133A833-DF12-44D8-9AAA-0B09B36735AF} = {87F15B77-CD83-4E6B-873D-4AFE62DC64B4}
		{F8B8ADA9-0FD3-4AA1-9718-92E67CFFFD17} = {A133A833-DF12-44D8-9AAA-0B09B36735AF}
		{4529DDB1-319F-4234-94A3-7DD9075B91B7} = {25854869-8830-4C70-AE0D-BEDC02A9EBBF}
		{88FAD942-0673-4DD4-8121-2D957D7C8A5B} = {4529DDB1-319F-4234-94A3-7DD9075B91B7}
		{5FA5D777-428F-4231-AF39-4DFBDD20CEDC} = {AF3200E3-0BA8-4F80-952B-773782DDD1A7}
		{80C1F41D-2328-4326-AD01-FB8F2DEBB5DA} = {5FA5D777-428F-4231-AF39-4DFBDD20CEDC}
		{2B64878D-4924-46BB-A882-9812F049D7DF} = {5FA5D777-428F-4231-AF39-4DFBDD20CEDC}
		{809635C8-B143-4D22-9E09-94AA10A7D5DF} = {AF3200E3-0BA8-4F80-952B-773782DDD1A7}
		{7AE3C636-A1FB-48A6-8039-28C832D12FC1} = {809635C8-B143-4D22-9E09-94AA10A7D5DF}
		{20E8D23F-FD56-4D3A-A711-C18750DC00B4} = {809635C8-B143-4D22-9E09-94AA10A7D5DF}
		{4D5D6EEE-3FAF-459C-9597-42ED5406D3E4} = {25854869-8830-4C70-AE0D-BEDC02A9EBBF}
		{14B1CCEA-A1BD-43C6-BD78-C5D14E209BCB} = {87F15B77-CD83-4E6B-873D-4AFE62DC64B4}
		{DC68C3D8-AB97-4AB3-9B18-7BEF6942247F} = {238DD29A-246B-439B-932B-B6FD727A3E61}
		{FAAA0FE9-8925-4866-8558-9D68D0CA752D} = {4D5D6EEE-3FAF-459C-9597-42ED5406D3E4}
		{65318FD8-219B-421A-8CE1-52D0F5FF208E} = {14B1CCEA-A1BD-43C6-BD78-C5D14E209BCB}
		{FEA605A4-AC27-44A5-A854-B7C82FFF9927} = {DC68C3D8-AB97-4AB3-9B18-7BEF6942247F}
	EndGlobalSection
	GlobalSection(ExtensibilityGlobals) = postSolution
		SolutionGuid = {63B22F2A-A9F1-4661-9788-810884C471CD}
	EndGlobalSection
EndGlobal
